
Microsoft Visual Studio Solution File, Format Version 12.00
# Visual Studio Version 17
VisualStudioVersion = 17.7.34031.279
MinimumVisualStudioVersion = 10.0.40219.1
Project("{8BC9CEB8-8B4A-11D0-8D11-00A0C91BC942}") = "DynamicArray", "DynamicArray.vcxproj", "{0FD88D2A-7D64-40C5-B1F8-A11340C69279}"
EndProject
Project("{8BC9CEB8-8B4A-11D0-8D11-00A0C91BC942}") = "DynamicArrayTests", "..\DynamicArrayTests\DynamicArrayTests.vcxproj", "{8C4372FD-665F-48E3-9DCE-C35DFC0C09AA}"
EndProject
Global
	GlobalSection(SolutionConfigurationPlatforms) = preSolution
		Debug|x64 = Debug|x64
		Debug|x86 = Debug|x86
		Release|x64 = Release|x64
		Release|x86 = Release|x86
	EndGlobalSection
	GlobalSection(ProjectConfigurationPlatforms) = postSolution
		{0FD88D2A-7D64-40C5-B1F8-A11340C69279}.Debug|x64.ActiveCfg = Debug|x64
		{0FD88D2A-7D64-40C5-B1F8-A11340C69279}.Debug|x64.Build.0 = Debug|x64
		{0FD88D2A-7D64-40C5-B1F8-A11340C69279}.Debug|x86.ActiveCfg = Debug|Win32
		{0FD88D2A-7D64-40C5-B1F8-A11340C69279}.Debug|x86.Build.0 = Debug|Win32
		{0FD88D2A-7D64-40C5-B1F8-A11340C69279}.Release|x64.ActiveCfg = Release|x64
		{0FD88D2A-7D64-40C5-B1F8-A11340C69279}.Release|x64.Build.0 = Release|x64
		{0FD88D2A-7D64-40C5-B1F8-A11340C69279}.Release|x86.ActiveCfg = Release|Win32
		{0FD88D2A-7D64-40C5-B1F8-A11340C69279}.Release|x86.Build.0 = Release|Win32
		{8C4372FD-665F-48E3-9DCE-C35DFC0C09AA}.Debug|x64.ActiveCfg = Debug|x64
		{8C4372FD-665F-48E3-9DCE-C35DFC0C09AA}.Debug|x64.Build.0 = Debug|x64
		{8C4372FD-665F-48E3-9DCE-C35DFC0C09AA}.Debug|x86.ActiveCfg = Debug|Win32
		{8C4372FD-665F-48E3-9DCE-C35DFC0C09AA}.Debug|x86.Build.0 = Debug|Win32
		{8C4372FD-665F-48E3-9DCE-C35DFC0C09AA}.Release|x64.ActiveCfg = Release|x64
		{8C4372FD-665F-48E3-9DCE-C35DFC0C09AA}.Release|x64.Build.0 = Release|x64
		{8C4372FD-665F-48E3-9DCE-C35DFC0C09AA}.Release|x86.ActiveCfg = Release|Win32
		{8C4372FD-665F-48E3-9DCE-C35DFC0C09AA}.Release|x86.Build.0 = Release|Win32
	EndGlobalSection
	GlobalSection(SolutionProperties) = preSolution
		HideSolutionNode = FALSE
	EndGlobalSection
	GlobalSection(ExtensibilityGlobals) = postSolution
		SolutionGuid = {8A14F626-70AC-43D2-A988-04B0A9273471}
	EndGlobalSection
EndGlobal
